
Microsoft Visual Studio Solution File, Format Version 12.00
# Visual Studio 14
VisualStudioVersion = 14.0.25420.1
MinimumVisualStudioVersion = 10.0.40219.1
Project("{E24C65DC-7377-472B-9ABA-BC803B73C61A}") = "ClientWebsite", "ClientWebsite\", "{877875FF-2F7C-4A22-8D04-1B7BEA6C0DEF}"
	ProjectSection(WebsiteProperties) = preProject
		TargetFrameworkMoniker = ".NETFramework,Version%3Dv4.5.2"
		Debug.AspNetCompiler.VirtualPath = "/localhost_3544"
		Debug.AspNetCompiler.PhysicalPath = "ClientWebsite\"
		Debug.AspNetCompiler.TargetPath = "PrecompiledWeb\localhost_3544\"
		Debug.AspNetCompiler.Updateable = "true"
		Debug.AspNetCompiler.ForceOverwrite = "true"
		Debug.AspNetCompiler.FixedNames = "false"
		Debug.AspNetCompiler.Debug = "True"
		Release.AspNetCompiler.VirtualPath = "/localhost_3544"
		Release.AspNetCompiler.PhysicalPath = "ClientWebsite\"
		Release.AspNetCompiler.TargetPath = "PrecompiledWeb\localhost_3544\"
		Release.AspNetCompiler.Updateable = "true"
		Release.AspNetCompiler.ForceOverwrite = "true"
		Release.AspNetCompiler.FixedNames = "false"
		Release.AspNetCompiler.Debug = "False"
		VWDPort = "3544"
		SlnRelativePath = "ClientWebsite\"
		DefaultWebSiteLanguage = "Visual C#"
	EndProjectSection
EndProject
Global
	GlobalSection(SolutionConfigurationPlatforms) = preSolution
		Debug|Any CPU = Debug|Any CPU
	EndGlobalSection
	GlobalSection(ProjectConfigurationPlatforms) = postSolution
		{877875FF-2F7C-4A22-8D04-1B7BEA6C0DEF}.Debug|Any CPU.ActiveCfg = Debug|Any CPU
		{877875FF-2F7C-4A22-8D04-1B7BEA6C0DEF}.Debug|Any CPU.Build.0 = Debug|Any CPU
	EndGlobalSection
	GlobalSection(SolutionProperties) = preSolution
		HideSolutionNode = FALSE
	EndGlobalSection
EndGlobal
